
Microsoft Visual Studio Solution File, Format Version 12.00
# Visual Studio 2012
Project("{FAE04EC0-301F-11D3-BF4B-00C04F79EFBC}") = "TileView", "TileView\TileView.csproj", "{F2D004E6-F985-412F-BBE1-F82E6B199170}"
EndProject
Project("{FAE04EC0-301F-11D3-BF4B-00C04F79EFBC}") = "TestForm", "TestForm\TestForm.csproj", "{882872B8-9CF2-41CF-97A8-ADCFD4836745}"
EndProject
Global
	GlobalSection(SolutionConfigurationPlatforms) = preSolution
		Debug|Any CPU = Debug|Any CPU
		Release|Any CPU = Release|Any CPU
	EndGlobalSection
	GlobalSection(ProjectConfigurationPlatforms) = postSolution
		{F2D004E6-F985-412F-BBE1-F82E6B199170}.Debug|Any CPU.ActiveCfg = Debug|Any CPU
		{F2D004E6-F985-412F-BBE1-F82E6B199170}.Debug|Any CPU.Build.0 = Debug|Any CPU
		{F2D004E6-F985-412F-BBE1-F82E6B199170}.Release|Any CPU.ActiveCfg = Release|Any CPU
		{F2D004E6-F985-412F-BBE1-F82E6B199170}.Release|Any CPU.Build.0 = Release|Any CPU
		{882872B8-9CF2-41CF-97A8-ADCFD4836745}.Debug|Any CPU.ActiveCfg = Debug|Any CPU
		{882872B8-9CF2-41CF-97A8-ADCFD4836745}.Debug|Any CPU.Build.0 = Debug|Any CPU
		{882872B8-9CF2-41CF-97A8-ADCFD4836745}.Release|Any CPU.ActiveCfg = Release|Any CPU
		{882872B8-9CF2-41CF-97A8-ADCFD4836745}.Release|Any CPU.Build.0 = Release|Any CPU
	EndGlobalSection
	GlobalSection(SolutionProperties) = preSolution
		HideSolutionNode = FALSE
	EndGlobalSection
EndGlobal
